dependencies:
- name: common
  repository: https://charts.bitnami.com/bitnami
  version: 2.2.2
- name: redis
  repository: https://charts.bitnami.com/bitnami
  version: 17.4.3
- name: postgresql
  repository: https://charts.bitnami.com/bitnami
  version: 11.9.13
digest: sha256:a29fca957cc0a9eedcbab6c0f647daf9d654242d5b50a8619d724091eb98170b
generated: "2023-01-19T18:11:59.699091714+08:00"
