dependencies:
- name: common
  repository: https://charts.bitnami.com/bitnami
  version: 2.2.1
- name: redis
  repository: https://charts.bitnami.com/bitnami
  version: 17.3.13
- name: postgresql
  repository: https://charts.bitnami.com/bitnami
  version: 11.9.13
digest: sha256:0742bacc3d8e77d37ae313059cca23020274fafb1d58e9044d535dcf54b7ef7f
generated: "2022-12-03T16:20:22.848120265+08:00"
