dependencies:
- name: common
  repository: https://charts.bitnami.com/bitnami
  version: 2.31.4
- name: mongodb
  repository: https://charts.bitnami.com/bitnami
  version: 13.18.5
- name: mysql
  repository: https://charts.bitnami.com/bitnami
  version: 9.23.0
digest: sha256:2aab3857011a54b2c0a753fcf9d30769fa32b49a2f8552b548d158bc5ba5b373
generated: "2025-12-13T06:37:13.715465122Z"
