dependencies:
- name: common
  repository: https://charts.bitnami.com/bitnami
  version: 2.31.4
- name: mongodb
  repository: https://charts.bitnami.com/bitnami
  version: 18.1.16
- name: mysql
  repository: https://charts.bitnami.com/bitnami
  version: 14.0.3
digest: sha256:f06b47be7603d8365d9f3d0ffa74f4338fb32019e245f309f918e6e825385b13
generated: "2025-12-13T07:30:29.184229093Z"
